// !$*UTF8*$!
{
	archiveVersion = 1;
	classes = {
	};
	objectVersion = 46;
	objects = {

/* Begin PBXBuildFile section */
		7207F34918A50C83006EF43B /* NSIndexPath+RandomAdditions.m in Sources */ = {isa = PBXBuildFile; fileRef = 7207F34818A50C83006EF43B /* NSIndexPath+RandomAdditions.m */; };
		720F35DC189FA20500D875A6 /* NSMutableArrayCategoryTests.m in Sources */ = {isa = PBXBuildFile; fileRef = 720F35DB189FA20500D875A6 /* NSMutableArrayCategoryTests.m */; };
		722D2FC7183291E300F82D12 /* Foundation.framework in Frameworks */ = {isa = PBXBuildFile; fileRef = 722D2FC6183291E300F82D12 /* Foundation.framework */; };
		722D2FCB183291E300F82D12 /* UIKit.framework in Frameworks */ = {isa = PBXBuildFile; fileRef = 722D2FCA183291E300F82D12 /* UIKit.framework */; };
		722D2FD1183291E300F82D12 /* InfoPlist.strings in Resources */ = {isa = PBXBuildFile; fileRef = 722D2FCF183291E300F82D12 /* InfoPlist.strings */; };
		722D2FD3183291E300F82D12 /* main.m in Sources */ = {isa = PBXBuildFile; fileRef = 722D2FD2183291E300F82D12 /* main.m */; };
		722D2FD7183291E300F82D12 /* AppDelegate.m in Sources */ = {isa = PBXBuildFile; fileRef = 722D2FD6183291E300F82D12 /* AppDelegate.m */; };
		722D2FDF183291E300F82D12 /* Images.xcassets in Resources */ = {isa = PBXBuildFile; fileRef = 722D2FDE183291E300F82D12 /* Images.xcassets */; };
		722D2FE6183291E300F82D12 /* XCTest.framework in Frameworks */ = {isa = PBXBuildFile; fileRef = 722D2FE5183291E300F82D12 /* XCTest.framework */; };
		722D2FE7183291E300F82D12 /* Foundation.framework in Frameworks */ = {isa = PBXBuildFile; fileRef = 722D2FC6183291E300F82D12 /* Foundation.framework */; };
		722D2FE8183291E300F82D12 /* UIKit.framework in Frameworks */ = {isa = PBXBuildFile; fileRef = 722D2FCA183291E300F82D12 /* UIKit.framework */; };
		722D2FF0183291E300F82D12 /* InfoPlist.strings in Resources */ = {isa = PBXBuildFile; fileRef = 722D2FEE183291E300F82D12 /* InfoPlist.strings */; };
		722D30011832927100F82D12 /* SSCollectionViewExchangeLayout.m in Sources */ = {isa = PBXBuildFile; fileRef = 722D2FFC1832927100F82D12 /* SSCollectionViewExchangeLayout.m */; };
		722D30021832927100F82D12 /* ViewController.m in Sources */ = {isa = PBXBuildFile; fileRef = 722D2FFE1832927100F82D12 /* ViewController.m */; };
		722D30031832927100F82D12 /* ViewController.xib in Resources */ = {isa = PBXBuildFile; fileRef = 722D2FFF1832927100F82D12 /* ViewController.xib */; };
		722D30041832927100F82D12 /* ItemCell.xib in Resources */ = {isa = PBXBuildFile; fileRef = 722D30001832927100F82D12 /* ItemCell.xib */; };
		72553953187EFBDC000338BB /* SSCollectionViewExchangeController.m in Sources */ = {isa = PBXBuildFile; fileRef = 72553952187EFBDC000338BB /* SSCollectionViewExchangeController.m */; };
		72ACF56418A268F9003DEF34 /* UIView+SSCollectionViewExchangeControllerAdditions.m in Sources */ = {isa = PBXBuildFile; fileRef = 72ACF56318A268F9003DEF34 /* UIView+SSCollectionViewExchangeControllerAdditions.m */; };
		72DA905F18A81CF2000E98EA /* NSMutableSet+AddObjectIfNotNil.m in Sources */ = {isa = PBXBuildFile; fileRef = 72DA905E18A81CF2000E98EA /* NSMutableSet+AddObjectIfNotNil.m */; };
		72FF890E188044DC00E4DAAB /* NSMutableArray+SSCollectionViewExchangeControllerAdditions.m in Sources */ = {isa = PBXBuildFile; fileRef = 72FF890D188044DC00E4DAAB /* NSMutableArray+SSCollectionViewExchangeControllerAdditions.m */; };
/* End PBXBuildFile section */

/* Begin PBXContainerItemProxy section */
		722D2FE9183291E300F82D12 /* PBXContainerItemProxy */ = {
			isa = PBXContainerItemProxy;
			containerPortal = 722D2FBB183291E300F82D12 /* Project object */;
			proxyType = 1;
			remoteGlobalIDString = 722D2FC2183291E300F82D12;
			remoteInfo = Exchanger;
		};
/* End PBXContainerItemProxy section */

/* Begin PBXFileReference section */
		720440F418B8D35E00920563 /* MSStringifyMacros_UserDefaults.h */ = {isa = PBXFileReference; lastKnownFileType = sourcecode.c.h; path = MSStringifyMacros_UserDefaults.h; sourceTree = "<group>"; };
		720440F518B8D47A00920563 /* MSStringifyMacros_Archiving.h */ = {isa = PBXFileReference; lastKnownFileType = sourcecode.c.h; path = MSStringifyMacros_Archiving.h; sourceTree = "<group>"; };
		7207F34718A50C83006EF43B /* NSIndexPath+RandomAdditions.h */ = {isa = PBXFileReference; fileEncoding = 4; lastKnownFileType = sourcecode.c.h; path = "NSIndexPath+RandomAdditions.h"; sourceTree = "<group>"; };
		7207F34818A50C83006EF43B /* NSIndexPath+RandomAdditions.m */ = {isa = PBXFileReference; fileEncoding = 4; lastKnownFileType = sourcecode.c.objc; path = "NSIndexPath+RandomAdditions.m"; sourceTree = "<group>"; };
		720F35DB189FA20500D875A6 /* NSMutableArrayCategoryTests.m */ = {isa = PBXFileReference; fileEncoding = 4; lastKnownFileType = sourcecode.c.objc; path = NSMutableArrayCategoryTests.m; sourceTree = "<group>"; };
		722D2FC3183291E300F82D12 /* Exchanger.app */ = {isa = PBXFileReference; explicitFileType = wrapper.application; includeInIndex = 0; path = Exchanger.app; sourceTree = BUILT_PRODUCTS_DIR; };
		722D2FC6183291E300F82D12 /* Foundation.framework */ = {isa = PBXFileReference; lastKnownFileType = wrapper.framework; name = Foundation.framework; path = System/Library/Frameworks/Foundation.framework; sourceTree = SDKROOT; };
		722D2FC8183291E300F82D12 /* CoreGraphics.framework */ = {isa = PBXFileReference; lastKnownFileType = wrapper.framework; name = CoreGraphics.framework; path = System/Library/Frameworks/CoreGraphics.framework; sourceTree = SDKROOT; };
		722D2FCA183291E300F82D12 /* UIKit.framework */ = {isa = PBXFileReference; lastKnownFileType = wrapper.framework; name = UIKit.framework; path = System/Library/Frameworks/UIKit.framework; sourceTree = SDKROOT; };
		722D2FCE183291E300F82D12 /* Exchanger-Info.plist */ = {isa = PBXFileReference; lastKnownFileType = text.plist.xml; path = "Exchanger-Info.plist"; sourceTree = "<group>"; };
		722D2FD0183291E300F82D12 /* en */ = {isa = PBXFileReference; lastKnownFileType = text.plist.strings; name = en; path = en.lproj/InfoPlist.strings; sourceTree = "<group>"; };
		722D2FD2183291E300F82D12 /* main.m */ = {isa = PBXFileReference; lastKnownFileType = sourcecode.c.objc; path = main.m; sourceTree = "<group>"; };
		722D2FD4183291E300F82D12 /* Exchanger-Prefix.pch */ = {isa = PBXFileReference; lastKnownFileType = sourcecode.c.h; path = "Exchanger-Prefix.pch"; sourceTree = "<group>"; };
		722D2FD5183291E300F82D12 /* AppDelegate.h */ = {isa = PBXFileReference; lastKnownFileType = sourcecode.c.h; path = AppDelegate.h; sourceTree = "<group>"; };
		722D2FD6183291E300F82D12 /* AppDelegate.m */ = {isa = PBXFileReference; lastKnownFileType = sourcecode.c.objc; path = AppDelegate.m; sourceTree = "<group>"; };
		722D2FDE183291E300F82D12 /* Images.xcassets */ = {isa = PBXFileReference; lastKnownFileType = folder.assetcatalog; path = Images.xcassets; sourceTree = "<group>"; };
		722D2FE4183291E300F82D12 /* ExchangerTests.xctest */ = {isa = PBXFileReference; explicitFileType = wrapper.cfbundle; includeInIndex = 0; path = ExchangerTests.xctest; sourceTree = BUILT_PRODUCTS_DIR; };
		722D2FE5183291E300F82D12 /* XCTest.framework */ = {isa = PBXFileReference; lastKnownFileType = wrapper.framework; name = XCTest.framework; path = Library/Frameworks/XCTest.framework; sourceTree = DEVELOPER_DIR; };
		722D2FED183291E300F82D12 /* ExchangerTests-Info.plist */ = {isa = PBXFileReference; lastKnownFileType = text.plist.xml; path = "ExchangerTests-Info.plist"; sourceTree = "<group>"; };
		722D2FEF183291E300F82D12 /* en */ = {isa = PBXFileReference; lastKnownFileType = text.plist.strings; name = en; path = en.lproj/InfoPlist.strings; sourceTree = "<group>"; };
		722D2FFB1832927100F82D12 /* SSCollectionViewExchangeLayout.h */ = {isa = PBXFileReference; fileEncoding = 4; lastKnownFileType = sourcecode.c.h; name = SSCollectionViewExchangeLayout.h; path = ../SSCollectionViewExchangeLayout.h; sourceTree = "<group>"; };
		722D2FFC1832927100F82D12 /* SSCollectionViewExchangeLayout.m */ = {isa = PBXFileReference; fileEncoding = 4; lastKnownFileType = sourcecode.c.objc; name = SSCollectionViewExchangeLayout.m; path = ../SSCollectionViewExchangeLayout.m; sourceTree = "<group>"; };
		722D2FFD1832927100F82D12 /* ViewController.h */ = {isa = PBXFileReference; fileEncoding = 4; lastKnownFileType = sourcecode.c.h; path = ViewController.h; sourceTree = "<group>"; };
		722D2FFE1832927100F82D12 /* ViewController.m */ = {isa = PBXFileReference; fileEncoding = 4; lastKnownFileType = sourcecode.c.objc; path = ViewController.m; sourceTree = "<group>"; };
		722D2FFF1832927100F82D12 /* ViewController.xib */ = {isa = PBXFileReference; fileEncoding = 4; lastKnownFileType = file.xib; path = ViewController.xib; sourceTree = "<group>"; };
		722D30001832927100F82D12 /* ItemCell.xib */ = {isa = PBXFileReference; fileEncoding = 4; lastKnownFileType = file.xib; path = ItemCell.xib; sourceTree = "<group>"; };
		72493DCD18C7688F00931DAE /* README.md */ = {isa = PBXFileReference; lastKnownFileType = text; path = README.md; sourceTree = "<group>"; wrapsLines = 1; };
		72493DCE18C7688F00931DAE /* SSCollectionViewExchangeController.podspec */ = {isa = PBXFileReference; lastKnownFileType = text; path = SSCollectionViewExchangeController.podspec; sourceTree = "<group>"; };
		72493DD318C79B5700931DAE /* LICENSE */ = {isa = PBXFileReference; lastKnownFileType = text; path = LICENSE; sourceTree = "<group>"; };
		72553951187EFBDC000338BB /* SSCollectionViewExchangeController.h */ = {isa = PBXFileReference; fileEncoding = 4; lastKnownFileType = sourcecode.c.h; name = SSCollectionViewExchangeController.h; path = ../SSCollectionViewExchangeController.h; sourceTree = "<group>"; };
		72553952187EFBDC000338BB /* SSCollectionViewExchangeController.m */ = {isa = PBXFileReference; fileEncoding = 4; lastKnownFileType = sourcecode.c.objc; name = SSCollectionViewExchangeController.m; path = ../SSCollectionViewExchangeController.m; sourceTree = "<group>"; };
		72871BD718BB6EEF006A9F87 /* MSStringifyMacro.h */ = {isa = PBXFileReference; lastKnownFileType = sourcecode.c.h; path = MSStringifyMacro.h; sourceTree = "<group>"; };
		72ACF56218A268F9003DEF34 /* UIView+SSCollectionViewExchangeControllerAdditions.h */ = {isa = PBXFileReference; fileEncoding = 4; lastKnownFileType = sourcecode.c.h; name = "UIView+SSCollectionViewExchangeControllerAdditions.h"; path = "../UIView+SSCollectionViewExchangeControllerAdditions.h"; sourceTree = "<group>"; };
		72ACF56318A268F9003DEF34 /* UIView+SSCollectionViewExchangeControllerAdditions.m */ = {isa = PBXFileReference; fileEncoding = 4; lastKnownFileType = sourcecode.c.objc; name = "UIView+SSCollectionViewExchangeControllerAdditions.m"; path = "../UIView+SSCollectionViewExchangeControllerAdditions.m"; sourceTree = "<group>"; };
		72DA905D18A81CF2000E98EA /* NSMutableSet+AddObjectIfNotNil.h */ = {isa = PBXFileReference; fileEncoding = 4; lastKnownFileType = sourcecode.c.h; path = "NSMutableSet+AddObjectIfNotNil.h"; sourceTree = "<group>"; };
		72DA905E18A81CF2000E98EA /* NSMutableSet+AddObjectIfNotNil.m */ = {isa = PBXFileReference; fileEncoding = 4; lastKnownFileType = sourcecode.c.objc; path = "NSMutableSet+AddObjectIfNotNil.m"; sourceTree = "<group>"; };
		72FF890C188044DC00E4DAAB /* NSMutableArray+SSCollectionViewExchangeControllerAdditions.h */ = {isa = PBXFileReference; fileEncoding = 4; lastKnownFileType = sourcecode.c.h; name = "NSMutableArray+SSCollectionViewExchangeControllerAdditions.h"; path = "../NSMutableArray+SSCollectionViewExchangeControllerAdditions.h"; sourceTree = "<group>"; };
		72FF890D188044DC00E4DAAB /* NSMutableArray+SSCollectionViewExchangeControllerAdditions.m */ = {isa = PBXFileReference; fileEncoding = 4; lastKnownFileType = sourcecode.c.objc; name = "NSMutableArray+SSCollectionViewExchangeControllerAdditions.m"; path = "../NSMutableArray+SSCollectionViewExchangeControllerAdditions.m"; sourceTree = "<group>"; };
/* End PBXFileReference section */

/* Begin PBXFrameworksBuildPhase section */
		722D2FC0183291E300F82D12 /* Frameworks */ = {
			isa = PBXFrameworksBuildPhase;
			buildActionMask = 2147483647;
			files = (
				722D2FCB183291E300F82D12 /* UIKit.framework in Frameworks */,
				722D2FC7183291E300F82D12 /* Foundation.framework in Frameworks */,
			);
			runOnlyForDeploymentPostprocessing = 0;
		};
		722D2FE1183291E300F82D12 /* Frameworks */ = {
			isa = PBXFrameworksBuildPhase;
			buildActionMask = 2147483647;
			files = (
				722D2FE6183291E300F82D12 /* XCTest.framework in Frameworks */,
				722D2FE8183291E300F82D12 /* UIKit.framework in Frameworks */,
				722D2FE7183291E300F82D12 /* Foundation.framework in Frameworks */,
			);
			runOnlyForDeploymentPostprocessing = 0;
		};
/* End PBXFrameworksBuildPhase section */

/* Begin PBXGroup section */
		72044B6F189929A200D43E2E /* Categories */ = {
			isa = PBXGroup;
			children = (
				72ACF56218A268F9003DEF34 /* UIView+SSCollectionViewExchangeControllerAdditions.h */,
				72ACF56318A268F9003DEF34 /* UIView+SSCollectionViewExchangeControllerAdditions.m */,
				72FF890C188044DC00E4DAAB /* NSMutableArray+SSCollectionViewExchangeControllerAdditions.h */,
				72FF890D188044DC00E4DAAB /* NSMutableArray+SSCollectionViewExchangeControllerAdditions.m */,
			);
			name = Categories;
			sourceTree = "<group>";
		};
		72044B7018992A1100D43E2E /* ExchangeController */ = {
			isa = PBXGroup;
			children = (
				72553951187EFBDC000338BB /* SSCollectionViewExchangeController.h */,
				72553952187EFBDC000338BB /* SSCollectionViewExchangeController.m */,
				722D2FFB1832927100F82D12 /* SSCollectionViewExchangeLayout.h */,
				722D2FFC1832927100F82D12 /* SSCollectionViewExchangeLayout.m */,
				72044B6F189929A200D43E2E /* Categories */,
			);
			name = ExchangeController;
			sourceTree = "<group>";
		};
		72044B7118992A3900D43E2E /* ExampleViewController */ = {
			isa = PBXGroup;
			children = (
				722D2FFD1832927100F82D12 /* ViewController.h */,
				722D2FFE1832927100F82D12 /* ViewController.m */,
				722D2FFF1832927100F82D12 /* ViewController.xib */,
				722D30001832927100F82D12 /* ItemCell.xib */,
				7207F34A18A51DF9006EF43B /* Categories */,
			);
			name = ExampleViewController;
			sourceTree = "<group>";
		};
		7207F34A18A51DF9006EF43B /* Categories */ = {
			isa = PBXGroup;
			children = (
				72DA905D18A81CF2000E98EA /* NSMutableSet+AddObjectIfNotNil.h */,
				72DA905E18A81CF2000E98EA /* NSMutableSet+AddObjectIfNotNil.m */,
				7207F34718A50C83006EF43B /* NSIndexPath+RandomAdditions.h */,
				7207F34818A50C83006EF43B /* NSIndexPath+RandomAdditions.m */,
			);
			name = Categories;
			sourceTree = "<group>";
		};
		722D2FBA183291E300F82D12 = {
			isa = PBXGroup;
			children = (
				722D2FCC183291E300F82D12 /* Exchanger */,
				722D2FEB183291E300F82D12 /* ExchangerTests */,
				722D2FC5183291E300F82D12 /* Frameworks */,
				722D2FC4183291E300F82D12 /* Products */,
				72493DCD18C7688F00931DAE /* README.md */,
				72493DCE18C7688F00931DAE /* SSCollectionViewExchangeController.podspec */,
				72493DD318C79B5700931DAE /* LICENSE */,
			);
			sourceTree = "<group>";
		};
		722D2FC4183291E300F82D12 /* Products */ = {
			isa = PBXGroup;
			children = (
				722D2FC3183291E300F82D12 /* Exchanger.app */,
				722D2FE4183291E300F82D12 /* ExchangerTests.xctest */,
			);
			name = Products;
			sourceTree = "<group>";
		};
		722D2FC5183291E300F82D12 /* Frameworks */ = {
			isa = PBXGroup;
			children = (
				722D2FC6183291E300F82D12 /* Foundation.framework */,
				722D2FC8183291E300F82D12 /* CoreGraphics.framework */,
				722D2FCA183291E300F82D12 /* UIKit.framework */,
				722D2FE5183291E300F82D12 /* XCTest.framework */,
			);
			name = Frameworks;
			sourceTree = "<group>";
		};
		722D2FCC183291E300F82D12 /* Exchanger */ = {
			isa = PBXGroup;
			children = (
				72044B7018992A1100D43E2E /* ExchangeController */,
				72044B7118992A3900D43E2E /* ExampleViewController */,
				722D2FDE183291E300F82D12 /* Images.xcassets */,
				722D2FCD183291E300F82D12 /* Supporting Files */,
			);
			path = Exchanger;
			sourceTree = "<group>";
		};
		722D2FCD183291E300F82D12 /* Supporting Files */ = {
			isa = PBXGroup;
			children = (
				72871BD718BB6EEF006A9F87 /* MSStringifyMacro.h */,
				720440F518B8D47A00920563 /* MSStringifyMacros_Archiving.h */,
				720440F418B8D35E00920563 /* MSStringifyMacros_UserDefaults.h */,
				722D2FD5183291E300F82D12 /* AppDelegate.h */,
				722D2FD6183291E300F82D12 /* AppDelegate.m */,
				722D2FCE183291E300F82D12 /* Exchanger-Info.plist */,
				722D2FCF183291E300F82D12 /* InfoPlist.strings */,
				722D2FD2183291E300F82D12 /* main.m */,
				722D2FD4183291E300F82D12 /* Exchanger-Prefix.pch */,
			);
			name = "Supporting Files";
			sourceTree = "<group>";
		};
		722D2FEB183291E300F82D12 /* ExchangerTests */ = {
			isa = PBXGroup;
			children = (
				720F35DB189FA20500D875A6 /* NSMutableArrayCategoryTests.m */,
				722D2FEC183291E300F82D12 /* Supporting Files */,
			);
			path = ExchangerTests;
			sourceTree = "<group>";
		};
		722D2FEC183291E300F82D12 /* Supporting Files */ = {
			isa = PBXGroup;
			children = (
				722D2FED183291E300F82D12 /* ExchangerTests-Info.plist */,
				722D2FEE183291E300F82D12 /* InfoPlist.strings */,
			);
			name = "Supporting Files";
			sourceTree = "<group>";
		};
/* End PBXGroup section */

/* Begin PBXNativeTarget section */
		722D2FC2183291E300F82D12 /* Exchanger */ = {
			isa = PBXNativeTarget;
			buildConfigurationList = 722D2FF5183291E300F82D12 /* Build configuration list for PBXNativeTarget "Exchanger" */;
			buildPhases = (
				722D2FBF183291E300F82D12 /* Sources */,
				722D2FC0183291E300F82D12 /* Frameworks */,
				722D2FC1183291E300F82D12 /* Resources */,
			);
			buildRules = (
			);
			dependencies = (
			);
			name = Exchanger;
			productName = Exchanger;
			productReference = 722D2FC3183291E300F82D12 /* Exchanger.app */;
			productType = "com.apple.product-type.application";
		};
		722D2FE3183291E300F82D12 /* ExchangerTests */ = {
			isa = PBXNativeTarget;
			buildConfigurationList = 722D2FF8183291E300F82D12 /* Build configuration list for PBXNativeTarget "ExchangerTests" */;
			buildPhases = (
				722D2FE0183291E300F82D12 /* Sources */,
				722D2FE1183291E300F82D12 /* Frameworks */,
				722D2FE2183291E300F82D12 /* Resources */,
			);
			buildRules = (
			);
			dependencies = (
				722D2FEA183291E300F82D12 /* PBXTargetDependency */,
			);
			name = ExchangerTests;
			productName = ExchangerTests;
			productReference = 722D2FE4183291E300F82D12 /* ExchangerTests.xctest */;
			productType = "com.apple.product-type.bundle.unit-test";
		};
/* End PBXNativeTarget section */

/* Begin PBXProject section */
		722D2FBB183291E300F82D12 /* Project object */ = {
			isa = PBXProject;
			attributes = {
				LastUpgradeCheck = 0510;
				ORGANIZATIONNAME = "Murray Sagal";
				TargetAttributes = {
					722D2FE3183291E300F82D12 = {
						TestTargetID = 722D2FC2183291E300F82D12;
					};
				};
			};
			buildConfigurationList = 722D2FBE183291E300F82D12 /* Build configuration list for PBXProject "Exchanger" */;
			compatibilityVersion = "Xcode 3.2";
			developmentRegion = English;
			hasScannedForEncodings = 0;
			knownRegions = (
				en,
				Base,
			);
			mainGroup = 722D2FBA183291E300F82D12;
			productRefGroup = 722D2FC4183291E300F82D12 /* Products */;
			projectDirPath = "";
			projectRoot = "";
			targets = (
				722D2FC2183291E300F82D12 /* Exchanger */,
				722D2FE3183291E300F82D12 /* ExchangerTests */,
			);
		};
/* End PBXProject section */

/* Begin PBXResourcesBuildPhase section */
		722D2FC1183291E300F82D12 /* Resources */ = {
			isa = PBXResourcesBuildPhase;
			buildActionMask = 2147483647;
			files = (
				722D30041832927100F82D12 /* ItemCell.xib in Resources */,
				722D2FDF183291E300F82D12 /* Images.xcassets in Resources */,
				722D30031832927100F82D12 /* ViewController.xib in Resources */,
				722D2FD1183291E300F82D12 /* InfoPlist.strings in Resources */,
			);
			runOnlyForDeploymentPostprocessing = 0;
		};
		722D2FE2183291E300F82D12 /* Resources */ = {
			isa = PBXResourcesBuildPhase;
			buildActionMask = 2147483647;
			files = (
				722D2FF0183291E300F82D12 /* InfoPlist.strings in Resources */,
			);
			runOnlyForDeploymentPostprocessing = 0;
		};
/* End PBXResourcesBuildPhase section */

/* Begin PBXSourcesBuildPhase section */
		722D2FBF183291E300F82D12 /* Sources */ = {
			isa = PBXSourcesBuildPhase;
			buildActionMask = 2147483647;
			files = (
				722D2FD7183291E300F82D12 /* AppDelegate.m in Sources */,
				722D30011832927100F82D12 /* SSCollectionViewExchangeLayout.m in Sources */,
				722D30021832927100F82D12 /* ViewController.m in Sources */,
				72FF890E188044DC00E4DAAB /* NSMutableArray+SSCollectionViewExchangeControllerAdditions.m in Sources */,
				72553953187EFBDC000338BB /* SSCollectionViewExchangeController.m in Sources */,
				72ACF56418A268F9003DEF34 /* UIView+SSCollectionViewExchangeControllerAdditions.m in Sources */,
				72DA905F18A81CF2000E98EA /* NSMutableSet+AddObjectIfNotNil.m in Sources */,
				722D2FD3183291E300F82D12 /* main.m in Sources */,
				7207F34918A50C83006EF43B /* NSIndexPath+RandomAdditions.m in Sources */,
			);
			runOnlyForDeploymentPostprocessing = 0;
		};
		722D2FE0183291E300F82D12 /* Sources */ = {
			isa = PBXSourcesBuildPhase;
			buildActionMask = 2147483647;
			files = (
				720F35DC189FA20500D875A6 /* NSMutableArrayCategoryTests.m in Sources */,
			);
			runOnlyForDeploymentPostprocessing = 0;
		};
/* End PBXSourcesBuildPhase section */

/* Begin PBXTargetDependency section */
		722D2FEA183291E300F82D12 /* PBXTargetDependency */ = {
			isa = PBXTargetDependency;
			target = 722D2FC2183291E300F82D12 /* Exchanger */;
			targetProxy = 722D2FE9183291E300F82D12 /* PBXContainerItemProxy */;
		};
/* End PBXTargetDependency section */

/* Begin PBXVariantGroup section */
		722D2FCF183291E300F82D12 /* InfoPlist.strings */ = {
			isa = PBXVariantGroup;
			children = (
				722D2FD0183291E300F82D12 /* en */,
			);
			name = InfoPlist.strings;
			sourceTree = "<group>";
		};
		722D2FEE183291E300F82D12 /* InfoPlist.strings */ = {
			isa = PBXVariantGroup;
			children = (
				722D2FEF183291E300F82D12 /* en */,
			);
			name = InfoPlist.strings;
			sourceTree = "<group>";
		};
/* End PBXVariantGroup section */

/* Begin XCBuildConfiguration section */
		722D2FF3183291E300F82D12 /* Debug */ = {
			isa = XCBuildConfiguration;
			buildSettings = {
				ALWAYS_SEARCH_USER_PATHS = NO;
				CLANG_CXX_LANGUAGE_STANDARD = "gnu++0x";
				CLANG_CXX_LIBRARY = "libc++";
				CLANG_ENABLE_MODULES = YES;
				CLANG_ENABLE_OBJC_ARC = YES;
				CLANG_WARN_BOOL_CONVERSION = YES;
				CLANG_WARN_CONSTANT_CONVERSION = YES;
				CLANG_WARN_DIRECT_OBJC_ISA_USAGE = YES_ERROR;
				CLANG_WARN_EMPTY_BODY = YES;
				CLANG_WARN_ENUM_CONVERSION = YES;
				CLANG_WARN_INT_CONVERSION = YES;
				CLANG_WARN_OBJC_ROOT_CLASS = YES_ERROR;
				CLANG_WARN__DUPLICATE_METHOD_MATCH = YES;
				"CODE_SIGN_IDENTITY[sdk=iphoneos*]" = "iPhone Developer";
				COPY_PHASE_STRIP = NO;
				GCC_C_LANGUAGE_STANDARD = gnu99;
				GCC_DYNAMIC_NO_PIC = NO;
				GCC_OPTIMIZATION_LEVEL = 0;
				GCC_PREPROCESSOR_DEFINITIONS = (
					"DEBUG=1",
					"$(inherited)",
				);
				GCC_SYMBOLS_PRIVATE_EXTERN = NO;
				GCC_WARN_64_TO_32_BIT_CONVERSION = YES;
				GCC_WARN_ABOUT_RETURN_TYPE = YES_ERROR;
				GCC_WARN_UNDECLARED_SELECTOR = YES;
				GCC_WARN_UNINITIALIZED_AUTOS = YES;
				GCC_WARN_UNUSED_FUNCTION = YES;
				GCC_WARN_UNUSED_VARIABLE = YES;
				IPHONEOS_DEPLOYMENT_TARGET = 7.0;
				ONLY_ACTIVE_ARCH = YES;
				SDKROOT = iphoneos;
			};
			name = Debug;
		};
		722D2FF4183291E300F82D12 /* Release */ = {
			isa = XCBuildConfiguration;
			buildSettings = {
				ALWAYS_SEARCH_USER_PATHS = NO;
				CLANG_CXX_LANGUAGE_STANDARD = "gnu++0x";
				CLANG_CXX_LIBRARY = "libc++";
				CLANG_ENABLE_MODULES = YES;
				CLANG_ENABLE_OBJC_ARC = YES;
				CLANG_WARN_BOOL_CONVERSION = YES;
				CLANG_WARN_CONSTANT_CONVERSION = YES;
				CLANG_WARN_DIRECT_OBJC_ISA_USAGE = YES_ERROR;
				CLANG_WARN_EMPTY_BODY = YES;
				CLANG_WARN_ENUM_CONVERSION = YES;
				CLANG_WARN_INT_CONVERSION = YES;
				CLANG_WARN_OBJC_ROOT_CLASS = YES_ERROR;
				CLANG_WARN__DUPLICATE_METHOD_MATCH = YES;
				"CODE_SIGN_IDENTITY[sdk=iphoneos*]" = "iPhone Developer";
				COPY_PHASE_STRIP = YES;
				ENABLE_NS_ASSERTIONS = NO;
				GCC_C_LANGUAGE_STANDARD = gnu99;
				GCC_WARN_64_TO_32_BIT_CONVERSION = YES;
				GCC_WARN_ABOUT_RETURN_TYPE = YES_ERROR;
				GCC_WARN_UNDECLARED_SELECTOR = YES;
				GCC_WARN_UNINITIALIZED_AUTOS = YES;
				GCC_WARN_UNUSED_FUNCTION = YES;
				GCC_WARN_UNUSED_VARIABLE = YES;
				IPHONEOS_DEPLOYMENT_TARGET = 7.0;
				SDKROOT = iphoneos;
				VALIDATE_PRODUCT = YES;
			};
			name = Release;
		};
		722D2FF6183291E300F82D12 /* Debug */ = {
			isa = XCBuildConfiguration;
			buildSettings = {
				ASSETCATALOG_COMPILER_APPICON_NAME = AppIcon;
				ASSETCATALOG_COMPILER_LAUNCHIMAGE_NAME = LaunchImage;
				GCC_PRECOMPILE_PREFIX_HEADER = YES;
				GCC_PREFIX_HEADER = "Exchanger/Exchanger-Prefix.pch";
				INFOPLIST_FILE = "Exchanger/Exchanger-Info.plist";
				PRODUCT_NAME = "$(TARGET_NAME)";
				WRAPPER_EXTENSION = app;
			};
			name = Debug;
		};
		722D2FF7183291E300F82D12 /* Release */ = {
			isa = XCBuildConfiguration;
			buildSettings = {
				ASSETCATALOG_COMPILER_APPICON_NAME = AppIcon;
				ASSETCATALOG_COMPILER_LAUNCHIMAGE_NAME = LaunchImage;
				GCC_PRECOMPILE_PREFIX_HEADER = YES;
				GCC_PREFIX_HEADER = "Exchanger/Exchanger-Prefix.pch";
				INFOPLIST_FILE = "Exchanger/Exchanger-Info.plist";
				PRODUCT_NAME = "$(TARGET_NAME)";
				WRAPPER_EXTENSION = app;
			};
			name = Release;
		};
		722D2FF9183291E300F82D12 /* Debug */ = {
			isa = XCBuildConfiguration;
			buildSettings = {
				BUNDLE_LOADER = "$(BUILT_PRODUCTS_DIR)/Exchanger.app/Exchanger";
				FRAMEWORK_SEARCH_PATHS = (
					"$(SDKROOT)/Developer/Library/Frameworks",
					"$(inherited)",
					"$(DEVELOPER_FRAMEWORKS_DIR)",
				);
				GCC_PRECOMPILE_PREFIX_HEADER = YES;
				GCC_PREFIX_HEADER = "Exchanger/Exchanger-Prefix.pch";
				GCC_PREPROCESSOR_DEFINITIONS = (
					"DEBUG=1",
					"$(inherited)",
				);
				INFOPLIST_FILE = "ExchangerTests/ExchangerTests-Info.plist";
				PRODUCT_NAME = "$(TARGET_NAME)";
				TEST_HOST = "$(BUNDLE_LOADER)";
				WRAPPER_EXTENSION = xctest;
			};
			name = Debug;
		};
		722D2FFA183291E300F82D12 /* Release */ = {
			isa = XCBuildConfiguration;
			buildSettings = {
				BUNDLE_LOADER = "$(BUILT_PRODUCTS_DIR)/Exchanger.app/Exchanger";
				FRAMEWORK_SEARCH_PATHS = (
					"$(SDKROOT)/Developer/Library/Frameworks",
					"$(inherited)",
					"$(DEVELOPER_FRAMEWORKS_DIR)",
				);
				GCC_PRECOMPILE_PREFIX_HEADER = YES;
				GCC_PREFIX_HEADER = "Exchanger/Exchanger-Prefix.pch";
				INFOPLIST_FILE = "ExchangerTests/ExchangerTests-Info.plist";
				PRODUCT_NAME = "$(TARGET_NAME)";
				TEST_HOST = "$(BUNDLE_LOADER)";
				WRAPPER_EXTENSION = xctest;
			};
			name = Release;
		};
/* End XCBuildConfiguration section */

/* Begin XCConfigurationList section */
		722D2FBE183291E300F82D12 /* Build configuration list for PBXProject "Exchanger" */ = {
			isa = XCConfigurationList;
			buildConfigurations = (
				722D2FF3183291E300F82D12 /* Debug */,
				722D2FF4183291E300F82D12 /* Release */,
			);
			defaultConfigurationIsVisible = 0;
			defaultConfigurationName = Release;
		};
		722D2FF5183291E300F82D12 /* Build configuration list for PBXNativeTarget "Exchanger" */ = {
			isa = XCConfigurationList;
			buildConfigurations = (
				722D2FF6183291E300F82D12 /* Debug */,
				722D2FF7183291E300F82D12 /* Release */,
			);
			defaultConfigurationIsVisible = 0;
			defaultConfigurationName = Release;
		};
		722D2FF8183291E300F82D12 /* Build configuration list for PBXNativeTarget "ExchangerTests" */ = {
			isa = XCConfigurationList;
			buildConfigurations = (
				722D2FF9183291E300F82D12 /* Debug */,
				722D2FFA183291E300F82D12 /* Release */,
			);
			defaultConfigurationIsVisible = 0;
			defaultConfigurationName = Release;
		};
/* End XCConfigurationList section */
	};
	rootObject = 722D2FBB183291E300F82D12 /* Project object */;
}
